// !$*UTF8*$!
{
	archiveVersion = 1;
	classes = {
	};
	objectVersion = 50;
	objects = {

/* Begin PBXBuildFile section */
		75A985CF22DCDBE2003EB5DC /* AppDelegate.swift in Sources */ = {isa = PBXBuildFile; fileRef = 75A985CE22DCDBE2003EB5DC /* AppDelegate.swift */; };
		75A985D422DCDBE2003EB5DC /* Main.storyboard in Resources */ = {isa = PBXBuildFile; fileRef = 75A985D222DCDBE2003EB5DC /* Main.storyboard */; };
		75A985D622DCDBE6003EB5DC /* Assets.xcassets in Resources */ = {isa = PBXBuildFile; fileRef = 75A985D522DCDBE6003EB5DC /* Assets.xcassets */; };
		75A985D922DCDBE6003EB5DC /* LaunchScreen.storyboard in Resources */ = {isa = PBXBuildFile; fileRef = 75A985D722DCDBE6003EB5DC /* LaunchScreen.storyboard */; };
		75A985E122DCDF9B003EB5DC /* ColorsTableViewController.swift in Sources */ = {isa = PBXBuildFile; fileRef = 75A985E022DCDF9B003EB5DC /* ColorsTableViewController.swift */; };
		75A985E322DCEFEA003EB5DC /* MyColor.swift in Sources */ = {isa = PBXBuildFile; fileRef = 75A985E222DCEFEA003EB5DC /* MyColor.swift */; };
		75A985E522DCF2F0003EB5DC /* ColorDetailViewController.swift in Sources */ = {isa = PBXBuildFile; fileRef = 75A985E422DCF2F0003EB5DC /* ColorDetailViewController.swift */; };
/* End PBXBuildFile section */

/* Begin PBXFileReference section */
		75A985CB22DCDBE2003EB5DC /* Rainbow.app */ = {isa = PBXFileReference; explicitFileType = wrapper.application; includeInIndex = 0; path = Rainbow.app; sourceTree = BUILT_PRODUCTS_DIR; };
		75A985CE22DCDBE2003EB5DC /* AppDelegate.swift */ = {isa = PBXFileReference; lastKnownFileType = sourcecode.swift; path = AppDelegate.swift; sourceTree = "<group>"; };
		75A985D322DCDBE2003EB5DC /* Base */ = {isa = PBXFileReference; lastKnownFileType = file.storyboard; name = Base; path = Base.lproj/Main.storyboard; sourceTree = "<group>"; };
		75A985D522DCDBE6003EB5DC /* Assets.xcassets */ = {isa = PBXFileReference; lastKnownFileType = folder.assetcatalog; path = Assets.xcassets; sourceTree = "<group>"; };
		75A985D822DCDBE6003EB5DC /* Base */ = {isa = PBXFileReference; lastKnownFileType = file.storyboard; name = Base; path = Base.lproj/LaunchScreen.storyboard; sourceTree = "<group>"; };
		75A985DA22DCDBE6003EB5DC /* Info.plist */ = {isa = PBXFileReference; lastKnownFileType = text.plist.xml; path = Info.plist; sourceTree = "<group>"; };
		75A985E022DCDF9B003EB5DC /* ColorsTableViewController.swift */ = {isa = PBXFileReference; lastKnownFileType = sourcecode.swift; path = ColorsTableViewController.swift; sourceTree = "<group>"; };
		75A985E222DCEFEA003EB5DC /* MyColor.swift */ = {isa = PBXFileReference; lastKnownFileType = sourcecode.swift; path = MyColor.swift; sourceTree = "<group>"; };
		75A985E422DCF2F0003EB5DC /* ColorDetailViewController.swift */ = {isa = PBXFileReference; lastKnownFileType = sourcecode.swift; path = ColorDetailViewController.swift; sourceTree = "<group>"; };
/* End PBXFileReference section */

/* Begin PBXFrameworksBuildPhase section */
		75A985C822DCDBE2003EB5DC /* Frameworks */ = {
			isa = PBXFrameworksBuildPhase;
			buildActionMask = 2147483647;
			files = (
			);
			runOnlyForDeploymentPostprocessing = 0;
		};
/* End PBXFrameworksBuildPhase section */

/* Begin PBXGroup section */
		75A985C222DCDBE2003EB5DC = {
			isa = PBXGroup;
			children = (
				75A985CD22DCDBE2003EB5DC /* Rainbow */,
				75A985CC22DCDBE2003EB5DC /* Products */,
			);
			sourceTree = "<group>";
		};
		75A985CC22DCDBE2003EB5DC /* Products */ = {
			isa = PBXGroup;
			children = (
				75A985CB22DCDBE2003EB5DC /* Rainbow.app */,
			);
			name = Products;
			sourceTree = "<group>";
		};
		75A985CD22DCDBE2003EB5DC /* Rainbow */ = {
			isa = PBXGroup;
			children = (
				75A985CE22DCDBE2003EB5DC /* AppDelegate.swift */,
				75A985D222DCDBE2003EB5DC /* Main.storyboard */,
				75A985E022DCDF9B003EB5DC /* ColorsTableViewController.swift */,
				75A985E422DCF2F0003EB5DC /* ColorDetailViewController.swift */,
				75A985E222DCEFEA003EB5DC /* MyColor.swift */,
				75A985D522DCDBE6003EB5DC /* Assets.xcassets */,
				75A985D722DCDBE6003EB5DC /* LaunchScreen.storyboard */,
				75A985DA22DCDBE6003EB5DC /* Info.plist */,
			);
			path = Rainbow;
			sourceTree = "<group>";
		};
/* End PBXGroup section */

/* Begin PBXNativeTarget section */
		75A985CA22DCDBE2003EB5DC /* Rainbow */ = {
			isa = PBXNativeTarget;
			buildConfigurationList = 75A985DD22DCDBE6003EB5DC /* Build configuration list for PBXNativeTarget "Rainbow" */;
			buildPhases = (
				75A985C722DCDBE2003EB5DC /* Sources */,
				75A985C822DCDBE2003EB5DC /* Frameworks */,
				75A985C922DCDBE2003EB5DC /* Resources */,
			);
			buildRules = (
			);
			dependencies = (
			);
			name = Rainbow;
			productName = Rainbow;
			productReference = 75A985CB22DCDBE2003EB5DC /* Rainbow.app */;
			productType = "com.apple.product-type.application";
		};
/* End PBXNativeTarget section */

/* Begin PBXProject section */
		75A985C322DCDBE2003EB5DC /* Project object */ = {
			isa = PBXProject;
			attributes = {
				LastSwiftUpdateCheck = 1020;
				LastUpgradeCheck = 1020;
				ORGANIZATIONNAME = bradleyyin;
				TargetAttributes = {
					75A985CA22DCDBE2003EB5DC = {
						CreatedOnToolsVersion = 10.2.1;
					};
				};
			};
			buildConfigurationList = 75A985C622DCDBE2003EB5DC /* Build configuration list for PBXProject "Rainbow" */;
			compatibilityVersion = "Xcode 9.3";
			developmentRegion = en;
			hasScannedForEncodings = 0;
			knownRegions = (
				en,
				Base,
			);
			mainGroup = 75A985C222DCDBE2003EB5DC;
			productRefGroup = 75A985CC22DCDBE2003EB5DC /* Products */;
			projectDirPath = "";
			projectRoot = "";
			targets = (
				75A985CA22DCDBE2003EB5DC /* Rainbow */,
			);
		};
/* End PBXProject section */

/* Begin PBXResourcesBuildPhase section */
		75A985C922DCDBE2003EB5DC /* Resources */ = {
			isa = PBXResourcesBuildPhase;
			buildActionMask = 2147483647;
			files = (
				75A985D922DCDBE6003EB5DC /* LaunchScreen.storyboard in Resources */,
				75A985D622DCDBE6003EB5DC /* Assets.xcassets in Resources */,
				75A985D422DCDBE2003EB5DC /* Main.storyboard in Resources */,
			);
			runOnlyForDeploymentPostprocessing = 0;
		};
/* End PBXResourcesBuildPhase section */

/* Begin PBXSourcesBuildPhase section */
		75A985C722DCDBE2003EB5DC /* Sources */ = {
			isa = PBXSourcesBuildPhase;
			buildActionMask = 2147483647;
			files = (
				75A985CF22DCDBE2003EB5DC /* AppDelegate.swift in Sources */,
				75A985E122DCDF9B003EB5DC /* ColorsTableViewController.swift in Sources */,
				75A985E322DCEFEA003EB5DC /* MyColor.swift in Sources */,
				75A985E522DCF2F0003EB5DC /* ColorDetailViewController.swift in Sources */,
			);
			runOnlyForDeploymentPostprocessing = 0;
		};
/* End PBXSourcesBuildPhase section */

/* Begin PBXVariantGroup section */
		75A985D222DCDBE2003EB5DC /* Main.storyboard */ = {
			isa = PBXVariantGroup;
			children = (
				75A985D322DCDBE2003EB5DC /* Base */,
			);
			name = Main.storyboard;
			sourceTree = "<group>";
		};
		75A985D722DCDBE6003EB5DC /* LaunchScreen.storyboard */ = {
			isa = PBXVariantGroup;
			children = (
				75A985D822DCDBE6003EB5DC /* Base */,
			);
			name = LaunchScreen.storyboard;
			sourceTree = "<group>";
		};
/* End PBXVariantGroup section */

/* Begin XCBuildConfiguration section */
		75A985DB22DCDBE6003EB5DC /* Debug */ = {
			isa = XCBuildConfiguration;
			buildSettings = {
				ALWAYS_SEARCH_USER_PATHS = NO;
				CLANG_ANALYZER_NONNULL = YES;
				CLANG_ANALYZER_NUMBER_OBJECT_CONVERSION = YES_AGGRESSIVE;
				CLANG_CXX_LANGUAGE_STANDARD = "gnu++14";
				CLANG_CXX_LIBRARY = "libc++";
				CLANG_ENABLE_MODULES = YES;
				CLANG_ENABLE_OBJC_ARC = YES;
				CLANG_ENABLE_OBJC_WEAK = YES;
				CLANG_WARN_BLOCK_CAPTURE_AUTORELEASING = YES;
				CLANG_WARN_BOOL_CONVERSION = YES;
				CLANG_WARN_COMMA = YES;
				CLANG_WARN_CONSTANT_CONVERSION = YES;
				CLANG_WARN_DEPRECATED_OBJC_IMPLEMENTATIONS = YES;
				CLANG_WARN_DIRECT_OBJC_ISA_USAGE = YES_ERROR;
				CLANG_WARN_DOCUMENTATION_COMMENTS = YES;
				CLANG_WARN_EMPTY_BODY = YES;
				CLANG_WARN_ENUM_CONVERSION = YES;
				CLANG_WARN_INFINITE_RECURSION = YES;
				CLANG_WARN_INT_CONVERSION = YES;
				CLANG_WARN_NON_LITERAL_NULL_CONVERSION = YES;
				CLANG_WARN_OBJC_IMPLICIT_RETAIN_SELF = YES;
				CLANG_WARN_OBJC_LITERAL_CONVERSION = YES;
				CLANG_WARN_OBJC_ROOT_CLASS = YES_ERROR;
				CLANG_WARN_RANGE_LOOP_ANALYSIS = YES;
				CLANG_WARN_STRICT_PROTOTYPES = YES;
				CLANG_WARN_SUSPICIOUS_MOVE = YES;
				CLANG_WARN_UNGUARDED_AVAILABILITY = YES_AGGRESSIVE;
				CLANG_WARN_UNREACHABLE_CODE = YES;
				CLANG_WARN__DUPLICATE_METHOD_MATCH = YES;
				CODE_SIGN_IDENTITY = "iPhone Developer";
				COPY_PHASE_STRIP = NO;
				DEBUG_INFORMATION_FORMAT = dwarf;
				ENABLE_STRICT_OBJC_MSGSEND = YES;
				ENABLE_TESTABILITY = YES;
				GCC_C_LANGUAGE_STANDARD = gnu11;
				GCC_DYNAMIC_NO_PIC = NO;
				GCC_NO_COMMON_BLOCKS = YES;
				GCC_OPTIMIZATION_LEVEL = 0;
				GCC_PREPROCESSOR_DEFINITIONS = (
					"DEBUG=1",
					"$(inherited)",
				);
				GCC_WARN_64_TO_32_BIT_CONVERSION = YES;
				GCC_WARN_ABOUT_RETURN_TYPE = YES_ERROR;
				GCC_WARN_UNDECLARED_SELECTOR = YES;
				GCC_WARN_UNINITIALIZED_AUTOS = YES_AGGRESSIVE;
				GCC_WARN_UNUSED_FUNCTION = YES;
				GCC_WARN_UNUSED_VARIABLE = YES;
				IPHONEOS_DEPLOYMENT_TARGET = 12.2;
				MTL_ENABLE_DEBUG_INFO = INCLUDE_SOURCE;
				MTL_FAST_MATH = YES;
				ONLY_ACTIVE_ARCH = YES;
				SDKROOT = iphoneos;
				SWIFT_ACTIVE_COMPILATION_CONDITIONS = DEBUG;
				SWIFT_OPTIMIZATION_LEVEL = "-Onone";
			};
			name = Debug;
		};
		75A985DC22DCDBE6003EB5DC /* Release */ = {
			isa = XCBuildConfiguration;
			buildSettings = {
				ALWAYS_SEARCH_USER_PATHS = NO;
				CLANG_ANALYZER_NONNULL = YES;
				CLANG_ANALYZER_NUMBER_OBJECT_CONVERSION = YES_AGGRESSIVE;
				CLANG_CXX_LANGUAGE_STANDARD = "gnu++14";
				CLANG_CXX_LIBRARY = "libc++";
				CLANG_ENABLE_MODULES = YES;
				CLANG_ENABLE_OBJC_ARC = YES;
				CLANG_ENABLE_OBJC_WEAK = YES;
				CLANG_WARN_BLOCK_CAPTURE_AUTORELEASING = YES;
				CLANG_WARN_BOOL_CONVERSION = YES;
				CLANG_WARN_COMMA = YES;
				CLANG_WARN_CONSTANT_CONVERSION = YES;
				CLANG_WARN_DEPRECATED_OBJC_IMPLEMENTATIONS = YES;
				CLANG_WARN_DIRECT_OBJC_ISA_USAGE = YES_ERROR;
				CLANG_WARN_DOCUMENTATION_COMMENTS = YES;
				CLANG_WARN_EMPTY_BODY = YES;
				CLANG_WARN_ENUM_CONVERSION = YES;
				CLANG_WARN_INFINITE_RECURSION = YES;
				CLANG_WARN_INT_CONVERSION = YES;
				CLANG_WARN_NON_LITERAL_NULL_CONVERSION = YES;
				CLANG_WARN_OBJC_IMPLICIT_RETAIN_SELF = YES;
				CLANG_WARN_OBJC_LITERAL_CONVERSION = YES;
				CLANG_WARN_OBJC_ROOT_CLASS = YES_ERROR;
				CLANG_WARN_RANGE_LOOP_ANALYSIS = YES;
				CLANG_WARN_STRICT_PROTOTYPES = YES;
				CLANG_WARN_SUSPICIOUS_MOVE = YES;
				CLANG_WARN_UNGUARDED_AVAILABILITY = YES_AGGRESSIVE;
				CLANG_WARN_UNREACHABLE_CODE = YES;
				CLANG_WARN__DUPLICATE_METHOD_MATCH = YES;
				CODE_SIGN_IDENTITY = "iPhone Developer";
				COPY_PHASE_STRIP = NO;
				DEBUG_INFORMATION_FORMAT = "dwarf-with-dsym";
				ENABLE_NS_ASSERTIONS = NO;
				ENABLE_STRICT_OBJC_MSGSEND = YES;
				GCC_C_LANGUAGE_STANDARD = gnu11;
				GCC_NO_COMMON_BLOCKS = YES;
				GCC_WARN_64_TO_32_BIT_CONVERSION = YES;
				GCC_WARN_ABOUT_RETURN_TYPE = YES_ERROR;
				GCC_WARN_UNDECLARED_SELECTOR = YES;
				GCC_WARN_UNINITIALIZED_AUTOS = YES_AGGRESSIVE;
				GCC_WARN_UNUSED_FUNCTION = YES;
				GCC_WARN_UNUSED_VARIABLE = YES;
				IPHONEOS_DEPLOYMENT_TARGET = 12.2;
				MTL_ENABLE_DEBUG_INFO = NO;
				MTL_FAST_MATH = YES;
				SDKROOT = iphoneos;
				SWIFT_COMPILATION_MODE = wholemodule;
				SWIFT_OPTIMIZATION_LEVEL = "-O";
				VALIDATE_PRODUCT = YES;
			};
			name = Release;
		};
		75A985DE22DCDBE6003EB5DC /* Debug */ = {
			isa = XCBuildConfiguration;
			buildSettings = {
				ASSETCATALOG_COMPILER_APPICON_NAME = AppIcon;
				CODE_SIGN_STYLE = Automatic;
				DEVELOPMENT_TEAM = 8367QTYVY6;
				INFOPLIST_FILE = Rainbow/Info.plist;
				LD_RUNPATH_SEARCH_PATHS = (
					"$(inherited)",
					"@executable_path/Frameworks",
				);
				PRODUCT_BUNDLE_IDENTIFIER = com.bradleyyin.Rainbow;
				PRODUCT_NAME = "$(TARGET_NAME)";
				SWIFT_VERSION = 5.0;
				TARGETED_DEVICE_FAMILY = "1,2";
			};
			name = Debug;
		};
		75A985DF22DCDBE6003EB5DC /* Release */ = {
			isa = XCBuildConfiguration;
			buildSettings = {
				ASSETCATALOG_COMPILER_APPICON_NAME = AppIcon;
				CODE_SIGN_STYLE = Automatic;
				DEVELOPMENT_TEAM = 8367QTYVY6;
				INFOPLIST_FILE = Rainbow/Info.plist;
				LD_RUNPATH_SEARCH_PATHS = (
					"$(inherited)",
					"@executable_path/Frameworks",
				);
				PRODUCT_BUNDLE_IDENTIFIER = com.bradleyyin.Rainbow;
				PRODUCT_NAME = "$(TARGET_NAME)";
				SWIFT_VERSION = 5.0;
				TARGETED_DEVICE_FAMILY = "1,2";
			};
			name = Release;
		};
/* End XCBuildConfiguration section */

/* Begin XCConfigurationList section */
		75A985C622DCDBE2003EB5DC /* Build configuration list for PBXProject "Rainbow" */ = {
			isa = XCConfigurationList;
			buildConfigurations = (
				75A985DB22DCDBE6003EB5DC /* Debug */,
				75A985DC22DCDBE6003EB5DC /* Release */,
			);
			defaultConfigurationIsVisible = 0;
			defaultConfigurationName = Release;
		};
		75A985DD22DCDBE6003EB5DC /* Build configuration list for PBXNativeTarget "Rainbow" */ = {
			isa = XCConfigurationList;
			buildConfigurations = (
				75A985DE22DCDBE6003EB5DC /* Debug */,
				75A985DF22DCDBE6003EB5DC /* Release */,
			);
			defaultConfigurationIsVisible = 0;
			defaultConfigurationName = Release;
		};
/* End XCConfigurationList section */
	};
	rootObject = 75A985C322DCDBE2003EB5DC /* Project object */;
}
